
Microsoft Visual Studio Solution File, Format Version 12.00
# Visual Studio Version 17
VisualStudioVersion = 17.2.32630.192
MinimumVisualStudioVersion = 10.0.40219.1
Project("{9A19103F-16F7-4668-BE54-9A1E7A4F7556}") = "Telephones", "Telephones\Telephones.csproj", "{E6208598-2AE2-45DF-9A24-F537432D799D}"
	ProjectSection(ProjectDependencies) = postProject
		{CF9AEB59-C6F2-4171-8DBF-1095479B3510} = {CF9AEB59-C6F2-4171-8DBF-1095479B3510}
		{F35FB674-2790-48AF-A6D9-F4D88850ED67} = {F35FB674-2790-48AF-A6D9-F4D88850ED67}
	EndProjectSection
EndProject
Project("{9A19103F-16F7-4668-BE54-9A1E7A4F7556}") = "TelephonesRazorLibrary", "TelephonesRazorLibrary\TelephonesRazorLibrary.csproj", "{F35FB674-2790-48AF-A6D9-F4D88850ED67}"
EndProject
Project("{9A19103F-16F7-4668-BE54-9A1E7A4F7556}") = "Telephones.API", "Telephones.API\Telephones.API.csproj", "{6468C609-829C-46A7-8841-0C1D20139976}"
EndProject
Project("{9A19103F-16F7-4668-BE54-9A1E7A4F7556}") = "Telephones.API.Client", "Telephones.API.Client\Telephones.API.Client.csproj", "{CF9AEB59-C6F2-4171-8DBF-1095479B3510}"
EndProject
Project("{9A19103F-16F7-4668-BE54-9A1E7A4F7556}") = "Telephones.Wpf", "Telephones.Wpf\Telephones.Wpf.csproj", "{C9565B5F-E83A-4C06-8F08-E46C536774B9}"
	ProjectSection(ProjectDependencies) = postProject
		{CF9AEB59-C6F2-4171-8DBF-1095479B3510} = {CF9AEB59-C6F2-4171-8DBF-1095479B3510}
	EndProjectSection
EndProject
Project("{9A19103F-16F7-4668-BE54-9A1E7A4F7556}") = "Telephones.IdentityServer", "Telephones.IdentityServer\Telephones.IdentityServer.csproj", "{3A41FD3F-71D7-47CA-BB76-17ADF008FE2E}"
EndProject
Global
	GlobalSection(SolutionConfigurationPlatforms) = preSolution
		Debug|Any CPU = Debug|Any CPU
		Release|Any CPU = Release|Any CPU
	EndGlobalSection
	GlobalSection(ProjectConfigurationPlatforms) = postSolution
		{E6208598-2AE2-45DF-9A24-F537432D799D}.Debug|Any CPU.ActiveCfg = Debug|Any CPU
		{E6208598-2AE2-45DF-9A24-F537432D799D}.Debug|Any CPU.Build.0 = Debug|Any CPU
		{E6208598-2AE2-45DF-9A24-F537432D799D}.Release|Any CPU.ActiveCfg = Release|Any CPU
		{E6208598-2AE2-45DF-9A24-F537432D799D}.Release|Any CPU.Build.0 = Release|Any CPU
		{F35FB674-2790-48AF-A6D9-F4D88850ED67}.Debug|Any CPU.ActiveCfg = Debug|Any CPU
		{F35FB674-2790-48AF-A6D9-F4D88850ED67}.Debug|Any CPU.Build.0 = Debug|Any CPU
		{F35FB674-2790-48AF-A6D9-F4D88850ED67}.Release|Any CPU.ActiveCfg = Release|Any CPU
		{F35FB674-2790-48AF-A6D9-F4D88850ED67}.Release|Any CPU.Build.0 = Release|Any CPU
		{6468C609-829C-46A7-8841-0C1D20139976}.Debug|Any CPU.ActiveCfg = Debug|Any CPU
		{6468C609-829C-46A7-8841-0C1D20139976}.Debug|Any CPU.Build.0 = Debug|Any CPU
		{6468C609-829C-46A7-8841-0C1D20139976}.Release|Any CPU.ActiveCfg = Release|Any CPU
		{6468C609-829C-46A7-8841-0C1D20139976}.Release|Any CPU.Build.0 = Release|Any CPU
		{CF9AEB59-C6F2-4171-8DBF-1095479B3510}.Debug|Any CPU.ActiveCfg = Debug|Any CPU
		{CF9AEB59-C6F2-4171-8DBF-1095479B3510}.Debug|Any CPU.Build.0 = Debug|Any CPU
		{CF9AEB59-C6F2-4171-8DBF-1095479B3510}.Release|Any CPU.ActiveCfg = Release|Any CPU
		{CF9AEB59-C6F2-4171-8DBF-1095479B3510}.Release|Any CPU.Build.0 = Release|Any CPU
		{C9565B5F-E83A-4C06-8F08-E46C536774B9}.Debug|Any CPU.ActiveCfg = Debug|Any CPU
		{C9565B5F-E83A-4C06-8F08-E46C536774B9}.Debug|Any CPU.Build.0 = Debug|Any CPU
		{C9565B5F-E83A-4C06-8F08-E46C536774B9}.Release|Any CPU.ActiveCfg = Release|Any CPU
		{C9565B5F-E83A-4C06-8F08-E46C536774B9}.Release|Any CPU.Build.0 = Release|Any CPU
		{3A41FD3F-71D7-47CA-BB76-17ADF008FE2E}.Debug|Any CPU.ActiveCfg = Debug|Any CPU
		{3A41FD3F-71D7-47CA-BB76-17ADF008FE2E}.Debug|Any CPU.Build.0 = Debug|Any CPU
		{3A41FD3F-71D7-47CA-BB76-17ADF008FE2E}.Release|Any CPU.ActiveCfg = Release|Any CPU
		{3A41FD3F-71D7-47CA-BB76-17ADF008FE2E}.Release|Any CPU.Build.0 = Release|Any CPU
	EndGlobalSection
	GlobalSection(SolutionProperties) = preSolution
		HideSolutionNode = FALSE
	EndGlobalSection
	GlobalSection(ExtensibilityGlobals) = postSolution
		SolutionGuid = {98B84234-05B7-478C-ACA5-DB3852F99689}
	EndGlobalSection
EndGlobal
